
Microsoft Visual Studio Solution File, Format Version 12.00
# Visual Studio Version 17
VisualStudioVersion = 17.6.33723.286
MinimumVisualStudioVersion = 10.0.40219.1
Project("{FAE04EC0-301F-11D3-BF4B-00C04F79EFBC}") = "Assignment", "Assignment\Assignment.csproj", "{A46D66BB-B2B2-4200-878A-206F94DA8CCB}"
EndProject
Project("{FAE04EC0-301F-11D3-BF4B-00C04F79EFBC}") = "Assignment.Models", "Assignment.Models\Assignment.Models.csproj", "{3C2EF382-0B97-430A-9870-CA008FDB63E0}"
EndProject
Project("{FAE04EC0-301F-11D3-BF4B-00C04F79EFBC}") = "Assignment.Repository", "Assignment.Repository\Assignment.Repository.csproj", "{647270A5-66DD-4B68-B74A-3D0ECDB68BF9}"
EndProject
Global
	GlobalSection(SolutionConfigurationPlatforms) = preSolution
		Debug|Any CPU = Debug|Any CPU
		Release|Any CPU = Release|Any CPU
	EndGlobalSection
	GlobalSection(ProjectConfigurationPlatforms) = postSolution
		{A46D66BB-B2B2-4200-878A-206F94DA8CCB}.Debug|Any CPU.ActiveCfg = Debug|Any CPU
		{A46D66BB-B2B2-4200-878A-206F94DA8CCB}.Debug|Any CPU.Build.0 = Debug|Any CPU
		{A46D66BB-B2B2-4200-878A-206F94DA8CCB}.Release|Any CPU.ActiveCfg = Release|Any CPU
		{A46D66BB-B2B2-4200-878A-206F94DA8CCB}.Release|Any CPU.Build.0 = Release|Any CPU
		{3C2EF382-0B97-430A-9870-CA008FDB63E0}.Debug|Any CPU.ActiveCfg = Debug|Any CPU
		{3C2EF382-0B97-430A-9870-CA008FDB63E0}.Debug|Any CPU.Build.0 = Debug|Any CPU
		{3C2EF382-0B97-430A-9870-CA008FDB63E0}.Release|Any CPU.ActiveCfg = Release|Any CPU
		{3C2EF382-0B97-430A-9870-CA008FDB63E0}.Release|Any CPU.Build.0 = Release|Any CPU
		{647270A5-66DD-4B68-B74A-3D0ECDB68BF9}.Debug|Any CPU.ActiveCfg = Debug|Any CPU
		{647270A5-66DD-4B68-B74A-3D0ECDB68BF9}.Debug|Any CPU.Build.0 = Debug|Any CPU
		{647270A5-66DD-4B68-B74A-3D0ECDB68BF9}.Release|Any CPU.ActiveCfg = Release|Any CPU
		{647270A5-66DD-4B68-B74A-3D0ECDB68BF9}.Release|Any CPU.Build.0 = Release|Any CPU
	EndGlobalSection
	GlobalSection(SolutionProperties) = preSolution
		HideSolutionNode = FALSE
	EndGlobalSection
	GlobalSection(ExtensibilityGlobals) = postSolution
		SolutionGuid = {2BD3CD8D-4EE0-4477-9A90-9EA063C64F05}
	EndGlobalSection
EndGlobal
